{
  "name": "dev",
  "lockfileVersion": 3,
  "requires": true,
  "packages": {
    "": {
      "dependencies": {
        "@d3p1/thr2pxl": "file:.."
      }
    },
    "..": {
      "name": "@d3p1/thr2pxl",
      "version": "1.11.3",
      "license": "MIT",
      "devDependencies": {
        "@commitlint/cli": "^17.7.1",
        "@d3p1/commitlint-config": "^1.0.0",
        "@eslint/js": "^9.39.1",
        "@gltf-transform/cli": "^4.1.4",
        "@gltf-transform/functions": "^4.1.4",
        "@tailwindcss/vite": "^4.1.18",
        "@tweakpane/core": "^2.0.5",
        "@types/node": "^24.10.1",
        "@types/react": "^19.2.5",
        "@types/react-dom": "^19.2.3",
        "@types/three": "^0.174.0",
        "@vitejs/plugin-react-swc": "^4.2.2",
        "eslint": "^9.39.1",
        "eslint-config-prettier": "^9.0.0",
        "eslint-plugin-react-hooks": "^7.0.1",
        "eslint-plugin-react-refresh": "^0.4.24",
        "globals": "^16.5.0",
        "husky": "^8.0.3",
        "prettier": "3.0.3",
        "react": "^19.2.0",
        "react-dom": "^19.2.0",
        "tailwindcss": "^4.1.18",
        "three": "^0.173.0",
        "tweakpane": "^4.0.5",
        "typescript": "~5.9.3",
        "typescript-eslint": "^8.46.4",
        "vite": "^7.2.4",
        "vite-plugin-dts": "^4.5.3",
        "vite-plugin-glsl": "^1.5.5",
        "write-good": "^1.0.8"
      },
      "peerDependencies": {
        "react": "^19.2.0",
        "react-dom": "^19.2.0",
        "three": "^0.176.0",
        "tweakpane": "^4.0.5"
      }
    },
    "node_modules/@d3p1/thr2pxl": {
      "resolved": "..",
      "link": true
    }
  }
}
